// !$*UTF8*$!
{
	archiveVersion = 1;
	classes = {
	};
	objectVersion = 48;
	objects = {

/* Begin PBXBuildFile section */
		3854A4C91FA122640010D555 /* AppDelegate.swift in Sources */ = {isa = PBXBuildFile; fileRef = 3854A4C81FA122640010D555 /* AppDelegate.swift */; };
		3854A4CB1FA122640010D555 /* ViewController.swift in Sources */ = {isa = PBXBuildFile; fileRef = 3854A4CA1FA122640010D555 /* ViewController.swift */; };
		3854A4CE1FA122640010D555 /* Main.storyboard in Resources */ = {isa = PBXBuildFile; fileRef = 3854A4CC1FA122640010D555 /* Main.storyboard */; };
		3854A4D11FA122640010D555 /* My_Image_Viewer.xcdatamodeld in Sources */ = {isa = PBXBuildFile; fileRef = 3854A4CF1FA122640010D555 /* My_Image_Viewer.xcdatamodeld */; };
		3854A4D31FA122640010D555 /* Assets.xcassets in Resources */ = {isa = PBXBuildFile; fileRef = 3854A4D21FA122640010D555 /* Assets.xcassets */; };
		3854A4D61FA122640010D555 /* LaunchScreen.storyboard in Resources */ = {isa = PBXBuildFile; fileRef = 3854A4D41FA122640010D555 /* LaunchScreen.storyboard */; };
		3854A4E11FA122650010D555 /* My_Image_ViewerTests.swift in Sources */ = {isa = PBXBuildFile; fileRef = 3854A4E01FA122650010D555 /* My_Image_ViewerTests.swift */; };
		3854A4EC1FA122650010D555 /* My_Image_ViewerUITests.swift in Sources */ = {isa = PBXBuildFile; fileRef = 3854A4EB1FA122650010D555 /* My_Image_ViewerUITests.swift */; };
/* End PBXBuildFile section */

/* Begin PBXContainerItemProxy section */
		3854A4DD1FA122650010D555 /* PBXContainerItemProxy */ = {
			isa = PBXContainerItemProxy;
			containerPortal = 3854A4BD1FA122640010D555 /* Project object */;
			proxyType = 1;
			remoteGlobalIDString = 3854A4C41FA122640010D555;
			remoteInfo = "My Image Viewer";
		};
		3854A4E81FA122650010D555 /* PBXContainerItemProxy */ = {
			isa = PBXContainerItemProxy;
			containerPortal = 3854A4BD1FA122640010D555 /* Project object */;
			proxyType = 1;
			remoteGlobalIDString = 3854A4C41FA122640010D555;
			remoteInfo = "My Image Viewer";
		};
/* End PBXContainerItemProxy section */

/* Begin PBXFileReference section */
		3854A4C51FA122640010D555 /* My Image Viewer.app */ = {isa = PBXFileReference; explicitFileType = wrapper.application; includeInIndex = 0; path = "My Image Viewer.app"; sourceTree = BUILT_PRODUCTS_DIR; };
		3854A4C81FA122640010D555 /* AppDelegate.swift */ = {isa = PBXFileReference; lastKnownFileType = sourcecode.swift; path = AppDelegate.swift; sourceTree = "<group>"; };
		3854A4CA1FA122640010D555 /* ViewController.swift */ = {isa = PBXFileReference; lastKnownFileType = sourcecode.swift; path = ViewController.swift; sourceTree = "<group>"; };
		3854A4CD1FA122640010D555 /* Base */ = {isa = PBXFileReference; lastKnownFileType = file.storyboard; name = Base; path = Base.lproj/Main.storyboard; sourceTree = "<group>"; };
		3854A4D01FA122640010D555 /* My_Image_Viewer.xcdatamodel */ = {isa = PBXFileReference; lastKnownFileType = wrapper.xcdatamodel; path = My_Image_Viewer.xcdatamodel; sourceTree = "<group>"; };
		3854A4D21FA122640010D555 /* Assets.xcassets */ = {isa = PBXFileReference; lastKnownFileType = folder.assetcatalog; path = Assets.xcassets; sourceTree = "<group>"; };
		3854A4D51FA122640010D555 /* Base */ = {isa = PBXFileReference; lastKnownFileType = file.storyboard; name = Base; path = Base.lproj/LaunchScreen.storyboard; sourceTree = "<group>"; };
		3854A4D71FA122640010D555 /* Info.plist */ = {isa = PBXFileReference; lastKnownFileType = text.plist.xml; path = Info.plist; sourceTree = "<group>"; };
		3854A4DC1FA122650010D555 /* My Image ViewerTests.xctest */ = {isa = PBXFileReference; explicitFileType = wrapper.cfbundle; includeInIndex = 0; path = "My Image ViewerTests.xctest"; sourceTree = BUILT_PRODUCTS_DIR; };
		3854A4E01FA122650010D555 /* My_Image_ViewerTests.swift */ = {isa = PBXFileReference; lastKnownFileType = sourcecode.swift; path = My_Image_ViewerTests.swift; sourceTree = "<group>"; };
		3854A4E21FA122650010D555 /* Info.plist */ = {isa = PBXFileReference; lastKnownFileType = text.plist.xml; path = Info.plist; sourceTree = "<group>"; };
		3854A4E71FA122650010D555 /* My Image ViewerUITests.xctest */ = {isa = PBXFileReference; explicitFileType = wrapper.cfbundle; includeInIndex = 0; path = "My Image ViewerUITests.xctest"; sourceTree = BUILT_PRODUCTS_DIR; };
		3854A4EB1FA122650010D555 /* My_Image_ViewerUITests.swift */ = {isa = PBXFileReference; lastKnownFileType = sourcecode.swift; path = My_Image_ViewerUITests.swift; sourceTree = "<group>"; };
		3854A4ED1FA122650010D555 /* Info.plist */ = {isa = PBXFileReference; lastKnownFileType = text.plist.xml; path = Info.plist; sourceTree = "<group>"; };
/* End PBXFileReference section */

/* Begin PBXFrameworksBuildPhase section */
		3854A4C21FA122640010D555 /* Frameworks */ = {
			isa = PBXFrameworksBuildPhase;
			buildActionMask = 2147483647;
			files = (
			);
			runOnlyForDeploymentPostprocessing = 0;
		};
		3854A4D91FA122650010D555 /* Frameworks */ = {
			isa = PBXFrameworksBuildPhase;
			buildActionMask = 2147483647;
			files = (
			);
			runOnlyForDeploymentPostprocessing = 0;
		};
		3854A4E41FA122650010D555 /* Frameworks */ = {
			isa = PBXFrameworksBuildPhase;
			buildActionMask = 2147483647;
			files = (
			);
			runOnlyForDeploymentPostprocessing = 0;
		};
/* End PBXFrameworksBuildPhase section */

/* Begin PBXGroup section */
		3854A4BC1FA122640010D555 = {
			isa = PBXGroup;
			children = (
				3854A4C71FA122640010D555 /* My Image Viewer */,
				3854A4DF1FA122650010D555 /* My Image ViewerTests */,
				3854A4EA1FA122650010D555 /* My Image ViewerUITests */,
				3854A4C61FA122640010D555 /* Products */,
			);
			sourceTree = "<group>";
		};
		3854A4C61FA122640010D555 /* Products */ = {
			isa = PBXGroup;
			children = (
				3854A4C51FA122640010D555 /* My Image Viewer.app */,
				3854A4DC1FA122650010D555 /* My Image ViewerTests.xctest */,
				3854A4E71FA122650010D555 /* My Image ViewerUITests.xctest */,
			);
			name = Products;
			sourceTree = "<group>";
		};
		3854A4C71FA122640010D555 /* My Image Viewer */ = {
			isa = PBXGroup;
			children = (
				3854A4C81FA122640010D555 /* AppDelegate.swift */,
				3854A4CA1FA122640010D555 /* ViewController.swift */,
				3854A4CC1FA122640010D555 /* Main.storyboard */,
				3854A4D21FA122640010D555 /* Assets.xcassets */,
				3854A4D41FA122640010D555 /* LaunchScreen.storyboard */,
				3854A4D71FA122640010D555 /* Info.plist */,
				3854A4CF1FA122640010D555 /* My_Image_Viewer.xcdatamodeld */,
			);
			path = "My Image Viewer";
			sourceTree = "<group>";
		};
		3854A4DF1FA122650010D555 /* My Image ViewerTests */ = {
			isa = PBXGroup;
			children = (
				3854A4E01FA122650010D555 /* My_Image_ViewerTests.swift */,
				3854A4E21FA122650010D555 /* Info.plist */,
			);
			path = "My Image ViewerTests";
			sourceTree = "<group>";
		};
		3854A4EA1FA122650010D555 /* My Image ViewerUITests */ = {
			isa = PBXGroup;
			children = (
				3854A4EB1FA122650010D555 /* My_Image_ViewerUITests.swift */,
				3854A4ED1FA122650010D555 /* Info.plist */,
			);
			path = "My Image ViewerUITests";
			sourceTree = "<group>";
		};
/* End PBXGroup section */

/* Begin PBXNativeTarget section */
		3854A4C41FA122640010D555 /* My Image Viewer */ = {
			isa = PBXNativeTarget;
			buildConfigurationList = 3854A4F01FA122650010D555 /* Build configuration list for PBXNativeTarget "My Image Viewer" */;
			buildPhases = (
				3854A4C11FA122640010D555 /* Sources */,
				3854A4C21FA122640010D555 /* Frameworks */,
				3854A4C31FA122640010D555 /* Resources */,
			);
			buildRules = (
			);
			dependencies = (
			);
			name = "My Image Viewer";
			productName = "My Image Viewer";
			productReference = 3854A4C51FA122640010D555 /* My Image Viewer.app */;
			productType = "com.apple.product-type.application";
		};
		3854A4DB1FA122650010D555 /* My Image ViewerTests */ = {
			isa = PBXNativeTarget;
			buildConfigurationList = 3854A4F31FA122650010D555 /* Build configuration list for PBXNativeTarget "My Image ViewerTests" */;
			buildPhases = (
				3854A4D81FA122650010D555 /* Sources */,
				3854A4D91FA122650010D555 /* Frameworks */,
				3854A4DA1FA122650010D555 /* Resources */,
			);
			buildRules = (
			);
			dependencies = (
				3854A4DE1FA122650010D555 /* PBXTargetDependency */,
			);
			name = "My Image ViewerTests";
			productName = "My Image ViewerTests";
			productReference = 3854A4DC1FA122650010D555 /* My Image ViewerTests.xctest */;
			productType = "com.apple.product-type.bundle.unit-test";
		};
		3854A4E61FA122650010D555 /* My Image ViewerUITests */ = {
			isa = PBXNativeTarget;
			buildConfigurationList = 3854A4F61FA122650010D555 /* Build configuration list for PBXNativeTarget "My Image ViewerUITests" */;
			buildPhases = (
				3854A4E31FA122650010D555 /* Sources */,
				3854A4E41FA122650010D555 /* Frameworks */,
				3854A4E51FA122650010D555 /* Resources */,
			);
			buildRules = (
			);
			dependencies = (
				3854A4E91FA122650010D555 /* PBXTargetDependency */,
			);
			name = "My Image ViewerUITests";
			productName = "My Image ViewerUITests";
			productReference = 3854A4E71FA122650010D555 /* My Image ViewerUITests.xctest */;
			productType = "com.apple.product-type.bundle.ui-testing";
		};
/* End PBXNativeTarget section */

/* Begin PBXProject section */
		3854A4BD1FA122640010D555 /* Project object */ = {
			isa = PBXProject;
			attributes = {
				LastSwiftUpdateCheck = 0900;
				LastUpgradeCheck = 0900;
				ORGANIZATIONNAME = "Amitai Blickstein";
				TargetAttributes = {
					3854A4C41FA122640010D555 = {
						CreatedOnToolsVersion = 9.0.1;
						ProvisioningStyle = Automatic;
					};
					3854A4DB1FA122650010D555 = {
						CreatedOnToolsVersion = 9.0.1;
						ProvisioningStyle = Automatic;
						TestTargetID = 3854A4C41FA122640010D555;
					};
					3854A4E61FA122650010D555 = {
						CreatedOnToolsVersion = 9.0.1;
						ProvisioningStyle = Automatic;
						TestTargetID = 3854A4C41FA122640010D555;
					};
				};
			};
			buildConfigurationList = 3854A4C01FA122640010D555 /* Build configuration list for PBXProject "My Image Viewer" */;
			compatibilityVersion = "Xcode 8.0";
			developmentRegion = en;
			hasScannedForEncodings = 0;
			knownRegions = (
				en,
				Base,
			);
			mainGroup = 3854A4BC1FA122640010D555;
			productRefGroup = 3854A4C61FA122640010D555 /* Products */;
			projectDirPath = "";
			projectRoot = "";
			targets = (
				3854A4C41FA122640010D555 /* My Image Viewer */,
				3854A4DB1FA122650010D555 /* My Image ViewerTests */,
				3854A4E61FA122650010D555 /* My Image ViewerUITests */,
			);
		};
/* End PBXProject section */

/* Begin PBXResourcesBuildPhase section */
		3854A4C31FA122640010D555 /* Resources */ = {
			isa = PBXResourcesBuildPhase;
			buildActionMask = 2147483647;
			files = (
				3854A4D61FA122640010D555 /* LaunchScreen.storyboard in Resources */,
				3854A4D31FA122640010D555 /* Assets.xcassets in Resources */,
				3854A4CE1FA122640010D555 /* Main.storyboard in Resources */,
			);
			runOnlyForDeploymentPostprocessing = 0;
		};
		3854A4DA1FA122650010D555 /* Resources */ = {
			isa = PBXResourcesBuildPhase;
			buildActionMask = 2147483647;
			files = (
			);
			runOnlyForDeploymentPostprocessing = 0;
		};
		3854A4E51FA122650010D555 /* Resources */ = {
			isa = PBXResourcesBuildPhase;
			buildActionMask = 2147483647;
			files = (
			);
			runOnlyForDeploymentPostprocessing = 0;
		};
/* End PBXResourcesBuildPhase section */

/* Begin PBXSourcesBuildPhase section */
		3854A4C11FA122640010D555 /* Sources */ = {
			isa = PBXSourcesBuildPhase;
			buildActionMask = 2147483647;
			files = (
				3854A4CB1FA122640010D555 /* ViewController.swift in Sources */,
				3854A4C91FA122640010D555 /* AppDelegate.swift in Sources */,
				3854A4D11FA122640010D555 /* My_Image_Viewer.xcdatamodeld in Sources */,
			);
			runOnlyForDeploymentPostprocessing = 0;
		};
		3854A4D81FA122650010D555 /* Sources */ = {
			isa = PBXSourcesBuildPhase;
			buildActionMask = 2147483647;
			files = (
				3854A4E11FA122650010D555 /* My_Image_ViewerTests.swift in Sources */,
			);
			runOnlyForDeploymentPostprocessing = 0;
		};
		3854A4E31FA122650010D555 /* Sources */ = {
			isa = PBXSourcesBuildPhase;
			buildActionMask = 2147483647;
			files = (
				3854A4EC1FA122650010D555 /* My_Image_ViewerUITests.swift in Sources */,
			);
			runOnlyForDeploymentPostprocessing = 0;
		};
/* End PBXSourcesBuildPhase section */

/* Begin PBXTargetDependency section */
		3854A4DE1FA122650010D555 /* PBXTargetDependency */ = {
			isa = PBXTargetDependency;
			target = 3854A4C41FA122640010D555 /* My Image Viewer */;
			targetProxy = 3854A4DD1FA122650010D555 /* PBXContainerItemProxy */;
		};
		3854A4E91FA122650010D555 /* PBXTargetDependency */ = {
			isa = PBXTargetDependency;
			target = 3854A4C41FA122640010D555 /* My Image Viewer */;
			targetProxy = 3854A4E81FA122650010D555 /* PBXContainerItemProxy */;
		};
/* End PBXTargetDependency section */

/* Begin PBXVariantGroup section */
		3854A4CC1FA122640010D555 /* Main.storyboard */ = {
			isa = PBXVariantGroup;
			children = (
				3854A4CD1FA122640010D555 /* Base */,
			);
			name = Main.storyboard;
			sourceTree = "<group>";
		};
		3854A4D41FA122640010D555 /* LaunchScreen.storyboard */ = {
			isa = PBXVariantGroup;
			children = (
				3854A4D51FA122640010D555 /* Base */,
			);
			name = LaunchScreen.storyboard;
			sourceTree = "<group>";
		};
/* End PBXVariantGroup section */

/* Begin XCBuildConfiguration section */
		3854A4EE1FA122650010D555 /* Debug */ = {
			isa = XCBuildConfiguration;
			buildSettings = {
				ALWAYS_SEARCH_USER_PATHS = NO;
				CLANG_ANALYZER_NONNULL = YES;
				CLANG_ANALYZER_NUMBER_OBJECT_CONVERSION = YES_AGGRESSIVE;
				CLANG_CXX_LANGUAGE_STANDARD = "gnu++14";
				CLANG_CXX_LIBRARY = "libc++";
				CLANG_ENABLE_MODULES = YES;
				CLANG_ENABLE_OBJC_ARC = YES;
				CLANG_WARN_BLOCK_CAPTURE_AUTORELEASING = YES;
				CLANG_WARN_BOOL_CONVERSION = YES;
				CLANG_WARN_COMMA = YES;
				CLANG_WARN_CONSTANT_CONVERSION = YES;
				CLANG_WARN_DIRECT_OBJC_ISA_USAGE = YES_ERROR;
				CLANG_WARN_DOCUMENTATION_COMMENTS = YES;
				CLANG_WARN_EMPTY_BODY = YES;
				CLANG_WARN_ENUM_CONVERSION = YES;
				CLANG_WARN_INFINITE_RECURSION = YES;
				CLANG_WARN_INT_CONVERSION = YES;
				CLANG_WARN_NON_LITERAL_NULL_CONVERSION = YES;
				CLANG_WARN_OBJC_LITERAL_CONVERSION = YES;
				CLANG_WARN_OBJC_ROOT_CLASS = YES_ERROR;
				CLANG_WARN_RANGE_LOOP_ANALYSIS = YES;
				CLANG_WARN_STRICT_PROTOTYPES = YES;
				CLANG_WARN_SUSPICIOUS_MOVE = YES;
				CLANG_WARN_UNGUARDED_AVAILABILITY = YES_AGGRESSIVE;
				CLANG_WARN_UNREACHABLE_CODE = YES;
				CLANG_WARN__DUPLICATE_METHOD_MATCH = YES;
				CODE_SIGN_IDENTITY = "iPhone Developer";
				COPY_PHASE_STRIP = NO;
				DEBUG_INFORMATION_FORMAT = dwarf;
				ENABLE_STRICT_OBJC_MSGSEND = YES;
				ENABLE_TESTABILITY = YES;
				GCC_C_LANGUAGE_STANDARD = gnu11;
				GCC_DYNAMIC_NO_PIC = NO;
				GCC_NO_COMMON_BLOCKS = YES;
				GCC_OPTIMIZATION_LEVEL = 0;
				GCC_PREPROCESSOR_DEFINITIONS = (
					"DEBUG=1",
					"$(inherited)",
				);
				GCC_WARN_64_TO_32_BIT_CONVERSION = YES;
				GCC_WARN_ABOUT_RETURN_TYPE = YES_ERROR;
				GCC_WARN_UNDECLARED_SELECTOR = YES;
				GCC_WARN_UNINITIALIZED_AUTOS = YES_AGGRESSIVE;
				GCC_WARN_UNUSED_FUNCTION = YES;
				GCC_WARN_UNUSED_VARIABLE = YES;
				IPHONEOS_DEPLOYMENT_TARGET = 11.0;
				MTL_ENABLE_DEBUG_INFO = YES;
				ONLY_ACTIVE_ARCH = YES;
				SDKROOT = iphoneos;
				SWIFT_ACTIVE_COMPILATION_CONDITIONS = DEBUG;
				SWIFT_OPTIMIZATION_LEVEL = "-Onone";
			};
			name = Debug;
		};
		3854A4EF1FA122650010D555 /* Release */ = {
			isa = XCBuildConfiguration;
			buildSettings = {
				ALWAYS_SEARCH_USER_PATHS = NO;
				CLANG_ANALYZER_NONNULL = YES;
				CLANG_ANALYZER_NUMBER_OBJECT_CONVERSION = YES_AGGRESSIVE;
				CLANG_CXX_LANGUAGE_STANDARD = "gnu++14";
				CLANG_CXX_LIBRARY = "libc++";
				CLANG_ENABLE_MODULES = YES;
				CLANG_ENABLE_OBJC_ARC = YES;
				CLANG_WARN_BLOCK_CAPTURE_AUTORELEASING = YES;
				CLANG_WARN_BOOL_CONVERSION = YES;
				CLANG_WARN_COMMA = YES;
				CLANG_WARN_CONSTANT_CONVERSION = YES;
				CLANG_WARN_DIRECT_OBJC_ISA_USAGE = YES_ERROR;
				CLANG_WARN_DOCUMENTATION_COMMENTS = YES;
				CLANG_WARN_EMPTY_BODY = YES;
				CLANG_WARN_ENUM_CONVERSION = YES;
				CLANG_WARN_INFINITE_RECURSION = YES;
				CLANG_WARN_INT_CONVERSION = YES;
				CLANG_WARN_NON_LITERAL_NULL_CONVERSION = YES;
				CLANG_WARN_OBJC_LITERAL_CONVERSION = YES;
				CLANG_WARN_OBJC_ROOT_CLASS = YES_ERROR;
				CLANG_WARN_RANGE_LOOP_ANALYSIS = YES;
				CLANG_WARN_STRICT_PROTOTYPES = YES;
				CLANG_WARN_SUSPICIOUS_MOVE = YES;
				CLANG_WARN_UNGUARDED_AVAILABILITY = YES_AGGRESSIVE;
				CLANG_WARN_UNREACHABLE_CODE = YES;
				CLANG_WARN__DUPLICATE_METHOD_MATCH = YES;
				CODE_SIGN_IDENTITY = "iPhone Developer";
				COPY_PHASE_STRIP = NO;
				DEBUG_INFORMATION_FORMAT = "dwarf-with-dsym";
				ENABLE_NS_ASSERTIONS = NO;
				ENABLE_STRICT_OBJC_MSGSEND = YES;
				GCC_C_LANGUAGE_STANDARD = gnu11;
				GCC_NO_COMMON_BLOCKS = YES;
				GCC_WARN_64_TO_32_BIT_CONVERSION = YES;
				GCC_WARN_ABOUT_RETURN_TYPE = YES_ERROR;
				GCC_WARN_UNDECLARED_SELECTOR = YES;
				GCC_WARN_UNINITIALIZED_AUTOS = YES_AGGRESSIVE;
				GCC_WARN_UNUSED_FUNCTION = YES;
				GCC_WARN_UNUSED_VARIABLE = YES;
				IPHONEOS_DEPLOYMENT_TARGET = 11.0;
				MTL_ENABLE_DEBUG_INFO = NO;
				SDKROOT = iphoneos;
				SWIFT_OPTIMIZATION_LEVEL = "-Owholemodule";
				VALIDATE_PRODUCT = YES;
			};
			name = Release;
		};
		3854A4F11FA122650010D555 /* Debug */ = {
			isa = XCBuildConfiguration;
			buildSettings = {
				ASSETCATALOG_COMPILER_APPICON_NAME = AppIcon;
				CODE_SIGN_STYLE = Automatic;
				DEVELOPMENT_TEAM = 8VC65F749H;
				INFOPLIST_FILE = "My Image Viewer/Info.plist";
				LD_RUNPATH_SEARCH_PATHS = "$(inherited) @executable_path/Frameworks";
				PRODUCT_BUNDLE_IDENTIFIER = "com.spongeBrain.My-Image-Viewer";
				PRODUCT_NAME = "$(TARGET_NAME)";
				SWIFT_VERSION = 4.0;
				TARGETED_DEVICE_FAMILY = "1,2";
			};
			name = Debug;
		};
		3854A4F21FA122650010D555 /* Release */ = {
			isa = XCBuildConfiguration;
			buildSettings = {
				ASSETCATALOG_COMPILER_APPICON_NAME = AppIcon;
				CODE_SIGN_STYLE = Automatic;
				DEVELOPMENT_TEAM = 8VC65F749H;
				INFOPLIST_FILE = "My Image Viewer/Info.plist";
				LD_RUNPATH_SEARCH_PATHS = "$(inherited) @executable_path/Frameworks";
				PRODUCT_BUNDLE_IDENTIFIER = "com.spongeBrain.My-Image-Viewer";
				PRODUCT_NAME = "$(TARGET_NAME)";
				SWIFT_VERSION = 4.0;
				TARGETED_DEVICE_FAMILY = "1,2";
			};
			name = Release;
		};
		3854A4F41FA122650010D555 /* Debug */ = {
			isa = XCBuildConfiguration;
			buildSettings = {
				ALWAYS_EMBED_SWIFT_STANDARD_LIBRARIES = YES;
				BUNDLE_LOADER = "$(TEST_HOST)";
				CODE_SIGN_STYLE = Automatic;
				DEVELOPMENT_TEAM = 8VC65F749H;
				INFOPLIST_FILE = "My Image ViewerTests/Info.plist";
				LD_RUNPATH_SEARCH_PATHS = "$(inherited) @executable_path/Frameworks @loader_path/Frameworks";
				PRODUCT_BUNDLE_IDENTIFIER = "com.spongeBrain.My-Image-ViewerTests";
				PRODUCT_NAME = "$(TARGET_NAME)";
				SWIFT_VERSION = 4.0;
				TARGETED_DEVICE_FAMILY = "1,2";
				TEST_HOST = "$(BUILT_PRODUCTS_DIR)/My Image Viewer.app/My Image Viewer";
			};
			name = Debug;
		};
		3854A4F51FA122650010D555 /* Release */ = {
			isa = XCBuildConfiguration;
			buildSettings = {
				ALWAYS_EMBED_SWIFT_STANDARD_LIBRARIES = YES;
				BUNDLE_LOADER = "$(TEST_HOST)";
				CODE_SIGN_STYLE = Automatic;
				DEVELOPMENT_TEAM = 8VC65F749H;
				INFOPLIST_FILE = "My Image ViewerTests/Info.plist";
				LD_RUNPATH_SEARCH_PATHS = "$(inherited) @executable_path/Frameworks @loader_path/Frameworks";
				PRODUCT_BUNDLE_IDENTIFIER = "com.spongeBrain.My-Image-ViewerTests";
				PRODUCT_NAME = "$(TARGET_NAME)";
				SWIFT_VERSION = 4.0;
				TARGETED_DEVICE_FAMILY = "1,2";
				TEST_HOST = "$(BUILT_PRODUCTS_DIR)/My Image Viewer.app/My Image Viewer";
			};
			name = Release;
		};
		3854A4F71FA122650010D555 /* Debug */ = {
			isa = XCBuildConfiguration;
			buildSettings = {
				ALWAYS_EMBED_SWIFT_STANDARD_LIBRARIES = YES;
				CODE_SIGN_STYLE = Automatic;
				DEVELOPMENT_TEAM = 8VC65F749H;
				INFOPLIST_FILE = "My Image ViewerUITests/Info.plist";
				LD_RUNPATH_SEARCH_PATHS = "$(inherited) @executable_path/Frameworks @loader_path/Frameworks";
				PRODUCT_BUNDLE_IDENTIFIER = "com.spongeBrain.My-Image-ViewerUITests";
				PRODUCT_NAME = "$(TARGET_NAME)";
				SWIFT_VERSION = 4.0;
				TARGETED_DEVICE_FAMILY = "1,2";
				TEST_TARGET_NAME = "My Image Viewer";
			};
			name = Debug;
		};
		3854A4F81FA122650010D555 /* Release */ = {
			isa = XCBuildConfiguration;
			buildSettings = {
				ALWAYS_EMBED_SWIFT_STANDARD_LIBRARIES = YES;
				CODE_SIGN_STYLE = Automatic;
				DEVELOPMENT_TEAM = 8VC65F749H;
				INFOPLIST_FILE = "My Image ViewerUITests/Info.plist";
				LD_RUNPATH_SEARCH_PATHS = "$(inherited) @executable_path/Frameworks @loader_path/Frameworks";
				PRODUCT_BUNDLE_IDENTIFIER = "com.spongeBrain.My-Image-ViewerUITests";
				PRODUCT_NAME = "$(TARGET_NAME)";
				SWIFT_VERSION = 4.0;
				TARGETED_DEVICE_FAMILY = "1,2";
				TEST_TARGET_NAME = "My Image Viewer";
			};
			name = Release;
		};
/* End XCBuildConfiguration section */

/* Begin XCConfigurationList section */
		3854A4C01FA122640010D555 /* Build configuration list for PBXProject "My Image Viewer" */ = {
			isa = XCConfigurationList;
			buildConfigurations = (
				3854A4EE1FA122650010D555 /* Debug */,
				3854A4EF1FA122650010D555 /* Release */,
			);
			defaultConfigurationIsVisible = 0;
			defaultConfigurationName = Release;
		};
		3854A4F01FA122650010D555 /* Build configuration list for PBXNativeTarget "My Image Viewer" */ = {
			isa = XCConfigurationList;
			buildConfigurations = (
				3854A4F11FA122650010D555 /* Debug */,
				3854A4F21FA122650010D555 /* Release */,
			);
			defaultConfigurationIsVisible = 0;
			defaultConfigurationName = Release;
		};
		3854A4F31FA122650010D555 /* Build configuration list for PBXNativeTarget "My Image ViewerTests" */ = {
			isa = XCConfigurationList;
			buildConfigurations = (
				3854A4F41FA122650010D555 /* Debug */,
				3854A4F51FA122650010D555 /* Release */,
			);
			defaultConfigurationIsVisible = 0;
			defaultConfigurationName = Release;
		};
		3854A4F61FA122650010D555 /* Build configuration list for PBXNativeTarget "My Image ViewerUITests" */ = {
			isa = XCConfigurationList;
			buildConfigurations = (
				3854A4F71FA122650010D555 /* Debug */,
				3854A4F81FA122650010D555 /* Release */,
			);
			defaultConfigurationIsVisible = 0;
			defaultConfigurationName = Release;
		};
/* End XCConfigurationList section */

/* Begin XCVersionGroup section */
		3854A4CF1FA122640010D555 /* My_Image_Viewer.xcdatamodeld */ = {
			isa = XCVersionGroup;
			children = (
				3854A4D01FA122640010D555 /* My_Image_Viewer.xcdatamodel */,
			);
			currentVersion = 3854A4D01FA122640010D555 /* My_Image_Viewer.xcdatamodel */;
			path = My_Image_Viewer.xcdatamodeld;
			sourceTree = "<group>";
			versionGroupType = wrapper.xcdatamodel;
		};
/* End XCVersionGroup section */
	};
	rootObject = 3854A4BD1FA122640010D555 /* Project object */;
}
